
Microsoft Visual Studio Solution File, Format Version 12.00
# Visual Studio 14
VisualStudioVersion = 14.0.25420.1
MinimumVisualStudioVersion = 10.0.40219.1
Project("{FAE04EC0-301F-11D3-BF4B-00C04F79EFBC}") = "CarApplication", "CarApplication\CarApplication.csproj", "{46171F12-08C3-4F92-B35F-7C98116F55EF}"
EndProject
Global
	GlobalSection(SolutionConfigurationPlatforms) = preSolution
		Debug|Any CPU = Debug|Any CPU
		Release|Any CPU = Release|Any CPU
	EndGlobalSection
	GlobalSection(ProjectConfigurationPlatforms) = postSolution
		{46171F12-08C3-4F92-B35F-7C98116F55EF}.Debug|Any CPU.ActiveCfg = Debug|Any CPU
		{46171F12-08C3-4F92-B35F-7C98116F55EF}.Debug|Any CPU.Build.0 = Debug|Any CPU
		{46171F12-08C3-4F92-B35F-7C98116F55EF}.Release|Any CPU.ActiveCfg = Release|Any CPU
		{46171F12-08C3-4F92-B35F-7C98116F55EF}.Release|Any CPU.Build.0 = Release|Any CPU
	EndGlobalSection
	GlobalSection(SolutionProperties) = preSolution
		HideSolutionNode = FALSE
	EndGlobalSection
EndGlobal
